
Microsoft Visual Studio Solution File, Format Version 12.00
# Visual Studio 14
VisualStudioVersion = 14.0.24720.0
MinimumVisualStudioVersion = 10.0.40219.1
Project("{FAE04EC0-301F-11D3-BF4B-00C04F79EFBC}") = "SageworksTaskManager", "SageworksTaskManager\SageworksTaskManager.csproj", "{AB3D5055-4A1F-4525-918B-46D9460E08EE}"
EndProject
Project("{FAE04EC0-301F-11D3-BF4B-00C04F79EFBC}") = "ConsoleVerification", "ConsoleVerification\ConsoleVerification.csproj", "{F0D608F7-B69F-45CF-8838-B41D2EC71663}"
EndProject
Project("{FAE04EC0-301F-11D3-BF4B-00C04F79EFBC}") = "SageworksNUnit", "SageworksNUnit\SageworksNUnit.csproj", "{68CD76A6-A89C-4D2F-AD5D-E43984DB663A}"
EndProject
Global
	GlobalSection(SolutionConfigurationPlatforms) = preSolution
		Debug|Any CPU = Debug|Any CPU
		Release|Any CPU = Release|Any CPU
	EndGlobalSection
	GlobalSection(ProjectConfigurationPlatforms) = postSolution
		{AB3D5055-4A1F-4525-918B-46D9460E08EE}.Debug|Any CPU.ActiveCfg = Debug|Any CPU
		{AB3D5055-4A1F-4525-918B-46D9460E08EE}.Debug|Any CPU.Build.0 = Debug|Any CPU
		{AB3D5055-4A1F-4525-918B-46D9460E08EE}.Release|Any CPU.ActiveCfg = Release|Any CPU
		{AB3D5055-4A1F-4525-918B-46D9460E08EE}.Release|Any CPU.Build.0 = Release|Any CPU
		{F0D608F7-B69F-45CF-8838-B41D2EC71663}.Debug|Any CPU.ActiveCfg = Debug|Any CPU
		{F0D608F7-B69F-45CF-8838-B41D2EC71663}.Debug|Any CPU.Build.0 = Debug|Any CPU
		{F0D608F7-B69F-45CF-8838-B41D2EC71663}.Release|Any CPU.ActiveCfg = Release|Any CPU
		{F0D608F7-B69F-45CF-8838-B41D2EC71663}.Release|Any CPU.Build.0 = Release|Any CPU
		{68CD76A6-A89C-4D2F-AD5D-E43984DB663A}.Debug|Any CPU.ActiveCfg = Debug|Any CPU
		{68CD76A6-A89C-4D2F-AD5D-E43984DB663A}.Debug|Any CPU.Build.0 = Debug|Any CPU
		{68CD76A6-A89C-4D2F-AD5D-E43984DB663A}.Release|Any CPU.ActiveCfg = Release|Any CPU
		{68CD76A6-A89C-4D2F-AD5D-E43984DB663A}.Release|Any CPU.Build.0 = Release|Any CPU
	EndGlobalSection
	GlobalSection(SolutionProperties) = preSolution
		HideSolutionNode = FALSE
	EndGlobalSection
EndGlobal
